
Microsoft Visual Studio Solution File, Format Version 12.00
# Visual Studio 15
VisualStudioVersion = 15.0.28307.489
MinimumVisualStudioVersion = 10.0.40219.1
Project("{FAE04EC0-301F-11D3-BF4B-00C04F79EFBC}") = "HelloWorld", "HelloWorld\HelloWorld.csproj", "{45511460-0BE1-428C-BF3F-BC934A306A31}"
EndProject
Global
	GlobalSection(SolutionConfigurationPlatforms) = preSolution
		Debug|Any CPU = Debug|Any CPU
		Release|Any CPU = Release|Any CPU
	EndGlobalSection
	GlobalSection(ProjectConfigurationPlatforms) = postSolution
		{45511460-0BE1-428C-BF3F-BC934A306A31}.Debug|Any CPU.ActiveCfg = Debug|Any CPU
		{45511460-0BE1-428C-BF3F-BC934A306A31}.Debug|Any CPU.Build.0 = Debug|Any CPU
		{45511460-0BE1-428C-BF3F-BC934A306A31}.Release|Any CPU.ActiveCfg = Release|Any CPU
		{45511460-0BE1-428C-BF3F-BC934A306A31}.Release|Any CPU.Build.0 = Release|Any CPU
	EndGlobalSection
	GlobalSection(SolutionProperties) = preSolution
		HideSolutionNode = FALSE
	EndGlobalSection
	GlobalSection(ExtensibilityGlobals) = postSolution
		SolutionGuid = {CD51E992-1A96-49B2-A4AB-CBE625B147B6}
	EndGlobalSection
EndGlobal
